
Microsoft Visual Studio Solution File, Format Version 12.00
# Visual Studio 15
VisualStudioVersion = 15.0.27703.2000
MinimumVisualStudioVersion = 10.0.40219.1
Project("{8BC9CEB8-8B4A-11D0-8D11-00A0C91BC942}") = "IEEE_802.11_SaturationThroughputAnalysis", "IEEE_802.11_SaturationThroughputAnalysis\IEEE_802.11_SaturationThroughputAnalysis.vcxproj", "{0E96B72A-378D-4647-A815-C438C19CCDC9}"
EndProject
Global
	GlobalSection(SolutionConfigurationPlatforms) = preSolution
		Debug|x64 = Debug|x64
		Debug|x86 = Debug|x86
		Release|x64 = Release|x64
		Release|x86 = Release|x86
	EndGlobalSection
	GlobalSection(ProjectConfigurationPlatforms) = postSolution
		{0E96B72A-378D-4647-A815-C438C19CCDC9}.Debug|x64.ActiveCfg = Debug|x64
		{0E96B72A-378D-4647-A815-C438C19CCDC9}.Debug|x64.Build.0 = Debug|x64
		{0E96B72A-378D-4647-A815-C438C19CCDC9}.Debug|x86.ActiveCfg = Debug|Win32
		{0E96B72A-378D-4647-A815-C438C19CCDC9}.Debug|x86.Build.0 = Debug|Win32
		{0E96B72A-378D-4647-A815-C438C19CCDC9}.Release|x64.ActiveCfg = Release|x64
		{0E96B72A-378D-4647-A815-C438C19CCDC9}.Release|x64.Build.0 = Release|x64
		{0E96B72A-378D-4647-A815-C438C19CCDC9}.Release|x86.ActiveCfg = Release|Win32
		{0E96B72A-378D-4647-A815-C438C19CCDC9}.Release|x86.Build.0 = Release|Win32
	EndGlobalSection
	GlobalSection(SolutionProperties) = preSolution
		HideSolutionNode = FALSE
	EndGlobalSection
	GlobalSection(ExtensibilityGlobals) = postSolution
		SolutionGuid = {5B4F7EA2-AFD1-4614-9500-5E3B0787139C}
	EndGlobalSection
EndGlobal
